{
  "name": "token-horse",
  "version": "0.1.0",
  "lockfileVersion": 3,
  "requires": true,
  "packages": {
    "": {
      "name": "token-horse",
      "version": "0.1.0",
      "license": "MIT",
      "bin": {
        "token-horse": "horse-token-runner.mjs"
      },
      "engines": {
        "node": ">=22.0.0"
      }
    }
  }
}
